
Microsoft Visual Studio Solution File, Format Version 12.00
# Visual Studio Version 17
VisualStudioVersion = 17.7.34221.43
MinimumVisualStudioVersion = 10.0.40219.1
Project("{8BC9CEB8-8B4A-11D0-8D11-00A0C91BC942}") = "1_1", "1_1\1_1.vcxproj", "{BA663194-135F-451C-A222-7F7674B22B82}"
EndProject
Global
	GlobalSection(SolutionConfigurationPlatforms) = preSolution
		Debug|x64 = Debug|x64
		Debug|x86 = Debug|x86
		Release|x64 = Release|x64
		Release|x86 = Release|x86
	EndGlobalSection
	GlobalSection(ProjectConfigurationPlatforms) = postSolution
		{BA663194-135F-451C-A222-7F7674B22B82}.Debug|x64.ActiveCfg = Debug|x64
		{BA663194-135F-451C-A222-7F7674B22B82}.Debug|x64.Build.0 = Debug|x64
		{BA663194-135F-451C-A222-7F7674B22B82}.Debug|x86.ActiveCfg = Debug|Win32
		{BA663194-135F-451C-A222-7F7674B22B82}.Debug|x86.Build.0 = Debug|Win32
		{BA663194-135F-451C-A222-7F7674B22B82}.Release|x64.ActiveCfg = Release|x64
		{BA663194-135F-451C-A222-7F7674B22B82}.Release|x64.Build.0 = Release|x64
		{BA663194-135F-451C-A222-7F7674B22B82}.Release|x86.ActiveCfg = Release|Win32
		{BA663194-135F-451C-A222-7F7674B22B82}.Release|x86.Build.0 = Release|Win32
	EndGlobalSection
	GlobalSection(SolutionProperties) = preSolution
		HideSolutionNode = FALSE
	EndGlobalSection
	GlobalSection(ExtensibilityGlobals) = postSolution
		SolutionGuid = {E5A1114D-3615-4AD5-946F-8F55E12307FB}
	EndGlobalSection
EndGlobal
